{
    "name": "platform-groundpromotion-weapp",
    "version": "1.0.0",
    "lockfileVersion": 3,
    "requires": true,
    "packages": {
        "": {
            "name": "platform-groundpromotion-weapp",
            "version": "1.0.0",
            "license": "ISC",
            "dependencies": {
                "hygen": "^6.1.0"
            }
        },
        "node_modules/@types/node": {
            "version": "14.18.63",
            "resolved": "http://r.npm.sankuai.com/@types/node/download/@types/node-14.18.63.tgz",
            "integrity": "sha1-F4j6jag427X56plLg0J4IF22yis=",
            "license": "MIT"
        },
        "node_modules/ansi-colors": {
            "version": "4.1.3",
            "resolved": "http://r.npm.sankuai.com/ansi-colors/download/ansi-colors-4.1.3.tgz",
            "integrity": "sha1-N2ETQOsiQ+cMxgTK011jJw1IeBs=",
            "license": "MIT",
            "engines": {
                "node": ">=6"
            }
        },
        "node_modules/ansi-regex": {
            "version": "5.0.1",
            "resolved": "http://r.npm.sankuai.com/ansi-regex/download/ansi-regex-5.0.1.tgz",
            "integrity": "sha1-CCyyyJyf6GWaMRpTvWpNxTAdswQ=",
            "license": "MIT",
            "engines": {
                "node": ">=8"
            }
        },
        "node_modules/ansi-styles": {
            "version": "4.3.0",
            "resolved": "http://r.npm.sankuai.com/ansi-styles/download/ansi-styles-4.3.0.tgz",
            "integrity": "sha1-7dgDYornHATIWuegkG7a00tkiTc=",
            "license": "MIT",
            "dependencies": {
                "color-convert": "^2.0.1"
            },
            "engines": {
                "node": ">=8"
            },
            "funding": {
                "url": "https://github.com/chalk/ansi-styles?sponsor=1"
            }
        },
        "node_modules/argparse": {
            "version": "1.0.10",
            "resolved": "http://r.npm.sankuai.com/argparse/download/argparse-1.0.10.tgz",
            "integrity": "sha1-vNZ5HqWuCXJeF+WtmIE0zUCz2RE=",
            "license": "MIT",
            "dependencies": {
                "sprintf-js": "~1.0.2"
            }
        },
        "node_modules/async": {
            "version": "3.2.5",
            "resolved": "http://r.npm.sankuai.com/async/download/async-3.2.5.tgz",
            "integrity": "sha1-69Uqj9r3oiiaJN85n42Ehcika2Y=",
            "license": "MIT"
        },
        "node_modules/at-least-node": {
            "version": "1.0.0",
            "resolved": "http://r.npm.sankuai.com/at-least-node/download/at-least-node-1.0.0.tgz",
            "integrity": "sha1-YCzUtG6EStTv/JKoARo8RuAjjcI=",
            "license": "ISC",
            "engines": {
                "node": ">= 4.0.0"
            }
        },
        "node_modules/balanced-match": {
            "version": "1.0.2",
            "resolved": "http://r.npm.sankuai.com/balanced-match/download/balanced-match-1.0.2.tgz",
            "integrity": "sha1-6D46fj8wCzTLnYf2FfoMvzV2kO4=",
            "license": "MIT"
        },
        "node_modules/brace-expansion": {
            "version": "1.1.11",
            "resolved": "http://r.npm.sankuai.com/brace-expansion/download/brace-expansion-1.1.11.tgz",
            "integrity": "sha1-PH/L9SnYcibz0vUrlm/1Jx60Qd0=",
            "license": "MIT",
            "dependencies": {
                "balanced-match": "^1.0.0",
                "concat-map": "0.0.1"
            }
        },
        "node_modules/camel-case": {
            "version": "3.0.0",
            "resolved": "http://r.npm.sankuai.com/camel-case/download/camel-case-3.0.0.tgz",
            "integrity": "sha1-yjw2iKTpzzpM2nd9xNy8cTJJz3M=",
            "license": "MIT",
            "dependencies": {
                "no-case": "^2.2.0",
                "upper-case": "^1.1.1"
            }
        },
        "node_modules/chalk": {
            "version": "4.1.2",
            "resolved": "http://r.npm.sankuai.com/chalk/download/chalk-4.1.2.tgz",
            "integrity": "sha1-qsTit3NKdAhnrrFr8CqtVWoeegE=",
            "license": "MIT",
            "dependencies": {
                "ansi-styles": "^4.1.0",
                "supports-color": "^7.1.0"
            },
            "engines": {
                "node": ">=10"
            },
            "funding": {
                "url": "https://github.com/chalk/chalk?sponsor=1"
            }
        },
        "node_modules/change-case": {
            "version": "3.1.0",
            "resolved": "http://r.npm.sankuai.com/change-case/download/change-case-3.1.0.tgz",
            "integrity": "sha1-DmEbftyZUt8uhROye0LecmR90X4=",
            "license": "MIT",
            "dependencies": {
                "camel-case": "^3.0.0",
                "constant-case": "^2.0.0",
                "dot-case": "^2.1.0",
                "header-case": "^1.0.0",
                "is-lower-case": "^1.1.0",
                "is-upper-case": "^1.1.0",
                "lower-case": "^1.1.1",
                "lower-case-first": "^1.0.0",
                "no-case": "^2.3.2",
                "param-case": "^2.1.0",
                "pascal-case": "^2.0.0",
                "path-case": "^2.1.0",
                "sentence-case": "^2.1.0",
                "snake-case": "^2.1.0",
                "swap-case": "^1.1.0",
                "title-case": "^2.1.0",
                "upper-case": "^1.1.1",
                "upper-case-first": "^1.1.0"
            }
        },
        "node_modules/color-convert": {
            "version": "2.0.1",
            "resolved": "http://r.npm.sankuai.com/color-convert/download/color-convert-2.0.1.tgz",
            "integrity": "sha1-ctOmjVmMm9s68q0ehPIdiWq9TeM=",
            "license": "MIT",
            "dependencies": {
                "color-name": "~1.1.4"
            },
            "engines": {
                "node": ">=7.0.0"
            }
        },
        "node_modules/color-name": {
            "version": "1.1.4",
            "resolved": "http://r.npm.sankuai.com/color-name/download/color-name-1.1.4.tgz",
            "integrity": "sha1-wqCah6y95pVD3m9j+jmVyCbFNqI=",
            "license": "MIT"
        },
        "node_modules/concat-map": {
            "version": "0.0.1",
            "resolved": "http://r.npm.sankuai.com/concat-map/download/concat-map-0.0.1.tgz",
            "integrity": "sha1-2Klr13/Wjfd5OnMDajug1UBdR3s=",
            "license": "MIT"
        },
        "node_modules/constant-case": {
            "version": "2.0.0",
            "resolved": "http://r.npm.sankuai.com/constant-case/download/constant-case-2.0.0.tgz",
            "integrity": "sha1-QXV2TTidP6nI7NKRhu1gBSQ7akY=",
            "license": "MIT",
            "dependencies": {
                "snake-case": "^2.1.0",
                "upper-case": "^1.1.1"
            }
        },
        "node_modules/cross-spawn": {
            "version": "7.0.3",
            "resolved": "http://r.npm.sankuai.com/cross-spawn/download/cross-spawn-7.0.3.tgz",
            "integrity": "sha1-9zqFudXUHQRVUcF34ogtSshXKKY=",
            "license": "MIT",
            "dependencies": {
                "path-key": "^3.1.0",
                "shebang-command": "^2.0.0",
                "which": "^2.0.1"
            },
            "engines": {
                "node": ">= 8"
            }
        },
        "node_modules/dot-case": {
            "version": "2.1.1",
            "resolved": "http://r.npm.sankuai.com/dot-case/download/dot-case-2.1.1.tgz",
            "integrity": "sha1-NNzzf1Co6TwrO8qLt/uRVcfaO+4=",
            "license": "MIT",
            "dependencies": {
                "no-case": "^2.2.0"
            }
        },
        "node_modules/ejs": {
            "version": "3.1.9",
            "resolved": "http://r.npm.sankuai.com/ejs/download/ejs-3.1.9.tgz",
            "integrity": "sha1-A8nod3/hJoap7/zvIjA8o9jus2E=",
            "license": "Apache-2.0",
            "dependencies": {
                "jake": "^10.8.5"
            },
            "bin": {
                "ejs": "bin/cli.js"
            },
            "engines": {
                "node": ">=0.10.0"
            }
        },
        "node_modules/enquirer": {
            "version": "2.4.1",
            "resolved": "http://r.npm.sankuai.com/enquirer/download/enquirer-2.4.1.tgz",
            "integrity": "sha1-kzNLP710/HCXsiSrSo+35Av0rlY=",
            "license": "MIT",
            "dependencies": {
                "ansi-colors": "^4.1.1",
                "strip-ansi": "^6.0.1"
            },
            "engines": {
                "node": ">=8.6"
            }
        },
        "node_modules/esprima": {
            "version": "4.0.1",
            "resolved": "http://r.npm.sankuai.com/esprima/download/esprima-4.0.1.tgz",
            "integrity": "sha1-E7BM2z5sXRnfkatph6hpVhmwqnE=",
            "license": "BSD-2-Clause",
            "bin": {
                "esparse": "bin/esparse.js",
                "esvalidate": "bin/esvalidate.js"
            },
            "engines": {
                "node": ">=4"
            }
        },
        "node_modules/execa": {
            "version": "5.1.1",
            "resolved": "http://r.npm.sankuai.com/execa/download/execa-5.1.1.tgz",
            "integrity": "sha1-+ArZy/Qpj3vR1MlVXCHpN0HEEd0=",
            "license": "MIT",
            "dependencies": {
                "cross-spawn": "^7.0.3",
                "get-stream": "^6.0.0",
                "human-signals": "^2.1.0",
                "is-stream": "^2.0.0",
                "merge-stream": "^2.0.0",
                "npm-run-path": "^4.0.1",
                "onetime": "^5.1.2",
                "signal-exit": "^3.0.3",
                "strip-final-newline": "^2.0.0"
            },
            "engines": {
                "node": ">=10"
            },
            "funding": {
                "url": "https://github.com/sindresorhus/execa?sponsor=1"
            }
        },
        "node_modules/filelist": {
            "version": "1.0.4",
            "resolved": "http://r.npm.sankuai.com/filelist/download/filelist-1.0.4.tgz",
            "integrity": "sha1-94l4oelEd1/55i50RCTyFeWDUrU=",
            "license": "Apache-2.0",
            "dependencies": {
                "minimatch": "^5.0.1"
            }
        },
        "node_modules/filelist/node_modules/brace-expansion": {
            "version": "2.0.1",
            "resolved": "http://r.npm.sankuai.com/brace-expansion/download/brace-expansion-2.0.1.tgz",
            "integrity": "sha1-HtxFng8MVISG7Pn8mfIiE2S5oK4=",
            "license": "MIT",
            "dependencies": {
                "balanced-match": "^1.0.0"
            }
        },
        "node_modules/filelist/node_modules/minimatch": {
            "version": "5.1.6",
            "resolved": "http://r.npm.sankuai.com/minimatch/download/minimatch-5.1.6.tgz",
            "integrity": "sha1-HPy4z1Ui6mmVLNKvla4JR38SKpY=",
            "license": "ISC",
            "dependencies": {
                "brace-expansion": "^2.0.1"
            },
            "engines": {
                "node": ">=10"
            }
        },
        "node_modules/front-matter": {
            "version": "4.0.2",
            "resolved": "http://r.npm.sankuai.com/front-matter/download/front-matter-4.0.2.tgz",
            "integrity": "sha1-sU5U3HRc/XKTSE8yENFepO3X9NU=",
            "license": "MIT",
            "dependencies": {
                "js-yaml": "^3.13.1"
            }
        },
        "node_modules/fs-extra": {
            "version": "9.1.0",
            "resolved": "http://r.npm.sankuai.com/fs-extra/download/fs-extra-9.1.0.tgz",
            "integrity": "sha1-WVRGDHZKjaIJS6NVS/g55rmnyG0=",
            "license": "MIT",
            "dependencies": {
                "at-least-node": "^1.0.0",
                "graceful-fs": "^4.2.0",
                "jsonfile": "^6.0.1",
                "universalify": "^2.0.0"
            },
            "engines": {
                "node": ">=10"
            }
        },
        "node_modules/get-stream": {
            "version": "6.0.1",
            "resolved": "http://r.npm.sankuai.com/get-stream/download/get-stream-6.0.1.tgz",
            "integrity": "sha1-omLY7vZ6ztV8KFKtYWdSakPL97c=",
            "license": "MIT",
            "engines": {
                "node": ">=10"
            },
            "funding": {
                "url": "https://github.com/sponsors/sindresorhus"
            }
        },
        "node_modules/graceful-fs": {
            "version": "4.2.11",
            "resolved": "http://r.npm.sankuai.com/graceful-fs/download/graceful-fs-4.2.11.tgz",
            "integrity": "sha1-QYPk6L8Iu24Fu7L30uDI9xLKQOM=",
            "license": "ISC"
        },
        "node_modules/has-flag": {
            "version": "4.0.0",
            "resolved": "http://r.npm.sankuai.com/has-flag/download/has-flag-4.0.0.tgz",
            "integrity": "sha1-lEdx/ZyByBJlxNaUGGDaBrtZR5s=",
            "license": "MIT",
            "engines": {
                "node": ">=8"
            }
        },
        "node_modules/header-case": {
            "version": "1.0.1",
            "resolved": "http://r.npm.sankuai.com/header-case/download/header-case-1.0.1.tgz",
            "integrity": "sha1-lTWXMZfBRLCWE81l0xfvGZY70C0=",
            "license": "MIT",
            "dependencies": {
                "no-case": "^2.2.0",
                "upper-case": "^1.1.3"
            }
        },
        "node_modules/human-signals": {
            "version": "2.1.0",
            "resolved": "http://r.npm.sankuai.com/human-signals/download/human-signals-2.1.0.tgz",
            "integrity": "sha1-3JH8ukLk0G5Kuu0zs+ejwC9RTqA=",
            "license": "Apache-2.0",
            "engines": {
                "node": ">=10.17.0"
            }
        },
        "node_modules/hygen": {
            "version": "6.1.0",
            "resolved": "http://r.npm.sankuai.com/hygen/download/hygen-6.1.0.tgz",
            "integrity": "sha1-BCjtsyrq1yTQQDVPoDWFqFjdpQk=",
            "license": "MIT",
            "dependencies": {
                "@types/node": "^14.14.41",
                "chalk": "^4.1.1",
                "change-case": "^3.1.0",
                "ejs": "^3.1.3",
                "enquirer": "^2.3.6",
                "execa": "^5.0.0",
                "front-matter": "^4.0.2",
                "fs-extra": "^9.1.0",
                "ignore-walk": "^3.0.3",
                "inflection": "^1.12.0",
                "yargs-parser": "^20.2.7"
            },
            "bin": {
                "hygen": "dist/bin.js"
            }
        },
        "node_modules/ignore-walk": {
            "version": "3.0.4",
            "resolved": "http://r.npm.sankuai.com/ignore-walk/download/ignore-walk-3.0.4.tgz",
            "integrity": "sha1-yaCfabfHtHml10rBo8DUI20qYzU=",
            "license": "ISC",
            "dependencies": {
                "minimatch": "^3.0.4"
            }
        },
        "node_modules/inflection": {
            "version": "1.13.4",
            "resolved": "http://r.npm.sankuai.com/inflection/download/inflection-1.13.4.tgz",
            "integrity": "sha1-ZappbE4tpiJbFI16FUxEk2ZjOjI=",
            "engines": [
                "node >= 0.4.0"
            ],
            "license": "MIT"
        },
        "node_modules/is-lower-case": {
            "version": "1.1.3",
            "resolved": "http://r.npm.sankuai.com/is-lower-case/download/is-lower-case-1.1.3.tgz",
            "integrity": "sha1-fhR75HaNxGbbO/shzGCzHmrWk5M=",
            "license": "MIT",
            "dependencies": {
                "lower-case": "^1.1.0"
            }
        },
        "node_modules/is-stream": {
            "version": "2.0.1",
            "resolved": "http://r.npm.sankuai.com/is-stream/download/is-stream-2.0.1.tgz",
            "integrity": "sha1-+sHj1TuXrVqdCunO8jifWBClwHc=",
            "license": "MIT",
            "engines": {
                "node": ">=8"
            },
            "funding": {
                "url": "https://github.com/sponsors/sindresorhus"
            }
        },
        "node_modules/is-upper-case": {
            "version": "1.1.2",
            "resolved": "http://r.npm.sankuai.com/is-upper-case/download/is-upper-case-1.1.2.tgz",
            "integrity": "sha1-jQsfp+eTOh5YSDYA7H2WYcuvdW8=",
            "license": "MIT",
            "dependencies": {
                "upper-case": "^1.1.0"
            }
        },
        "node_modules/isexe": {
            "version": "2.0.0",
            "resolved": "http://r.npm.sankuai.com/isexe/download/isexe-2.0.0.tgz",
            "integrity": "sha1-6PvzdNxVb/iUehDcsFctYz8s+hA=",
            "license": "ISC"
        },
        "node_modules/jake": {
            "version": "10.8.7",
            "resolved": "http://r.npm.sankuai.com/jake/download/jake-10.8.7.tgz",
            "integrity": "sha1-Y6MoIRd5QMM/NW4LpE/5004cfY8=",
            "license": "Apache-2.0",
            "dependencies": {
                "async": "^3.2.3",
                "chalk": "^4.0.2",
                "filelist": "^1.0.4",
                "minimatch": "^3.1.2"
            },
            "bin": {
                "jake": "bin/cli.js"
            },
            "engines": {
                "node": ">=10"
            }
        },
        "node_modules/js-yaml": {
            "version": "3.14.1",
            "resolved": "http://r.npm.sankuai.com/js-yaml/download/js-yaml-3.14.1.tgz",
            "integrity": "sha1-2ugS/bOCX6MGYJqHFzg8UMNqBTc=",
            "license": "MIT",
            "dependencies": {
                "argparse": "^1.0.7",
                "esprima": "^4.0.0"
            },
            "bin": {
                "js-yaml": "bin/js-yaml.js"
            }
        },
        "node_modules/jsonfile": {
            "version": "6.1.0",
            "resolved": "http://r.npm.sankuai.com/jsonfile/download/jsonfile-6.1.0.tgz",
            "integrity": "sha1-vFWyY0eTxnnsZAMJTrE2mKbsCq4=",
            "license": "MIT",
            "dependencies": {
                "universalify": "^2.0.0"
            },
            "optionalDependencies": {
                "graceful-fs": "^4.1.6"
            }
        },
        "node_modules/lower-case": {
            "version": "1.1.4",
            "resolved": "http://r.npm.sankuai.com/lower-case/download/lower-case-1.1.4.tgz",
            "integrity": "sha1-miyr0bno4K6ZOkv31YdcOcQujqw=",
            "license": "MIT"
        },
        "node_modules/lower-case-first": {
            "version": "1.0.2",
            "resolved": "http://r.npm.sankuai.com/lower-case-first/download/lower-case-first-1.0.2.tgz",
            "integrity": "sha1-5dp8JvKacHO+AtUrrJmA5ZIq36E=",
            "license": "MIT",
            "dependencies": {
                "lower-case": "^1.1.2"
            }
        },
        "node_modules/merge-stream": {
            "version": "2.0.0",
            "resolved": "http://r.npm.sankuai.com/merge-stream/download/merge-stream-2.0.0.tgz",
            "integrity": "sha1-UoI2KaFN0AyXcPtq1H3GMQ8sH2A=",
            "license": "MIT"
        },
        "node_modules/mimic-fn": {
            "version": "2.1.0",
            "resolved": "http://r.npm.sankuai.com/mimic-fn/download/mimic-fn-2.1.0.tgz",
            "integrity": "sha1-ftLCzMyvhNP/y3pptXcR/CCDQBs=",
            "license": "MIT",
            "engines": {
                "node": ">=6"
            }
        },
        "node_modules/minimatch": {
            "version": "3.1.2",
            "resolved": "http://r.npm.sankuai.com/minimatch/download/minimatch-3.1.2.tgz",
            "integrity": "sha1-Gc0ZS/0+Qo8EmnCBfAONiatL41s=",
            "license": "ISC",
            "dependencies": {
                "brace-expansion": "^1.1.7"
            },
            "engines": {
                "node": "*"
            }
        },
        "node_modules/no-case": {
            "version": "2.3.2",
            "resolved": "http://r.npm.sankuai.com/no-case/download/no-case-2.3.2.tgz",
            "integrity": "sha1-YLgTOWvjmz8SiKTB7V0efSi0ZKw=",
            "license": "MIT",
            "dependencies": {
                "lower-case": "^1.1.1"
            }
        },
        "node_modules/npm-run-path": {
            "version": "4.0.1",
            "resolved": "http://r.npm.sankuai.com/npm-run-path/download/npm-run-path-4.0.1.tgz",
            "integrity": "sha1-t+zR5e1T2o43pV4cImnguX7XSOo=",
            "license": "MIT",
            "dependencies": {
                "path-key": "^3.0.0"
            },
            "engines": {
                "node": ">=8"
            }
        },
        "node_modules/onetime": {
            "version": "5.1.2",
            "resolved": "http://r.npm.sankuai.com/onetime/download/onetime-5.1.2.tgz",
            "integrity": "sha1-0Oluu1awdHbfHdnEgG5SN5hcpF4=",
            "license": "MIT",
            "dependencies": {
                "mimic-fn": "^2.1.0"
            },
            "engines": {
                "node": ">=6"
            },
            "funding": {
                "url": "https://github.com/sponsors/sindresorhus"
            }
        },
        "node_modules/param-case": {
            "version": "2.1.1",
            "resolved": "http://r.npm.sankuai.com/param-case/download/param-case-2.1.1.tgz",
            "integrity": "sha1-35T9jPZTHs915r75oIWPvHK+Ikc=",
            "license": "MIT",
            "dependencies": {
                "no-case": "^2.2.0"
            }
        },
        "node_modules/pascal-case": {
            "version": "2.0.1",
            "resolved": "http://r.npm.sankuai.com/pascal-case/download/pascal-case-2.0.1.tgz",
            "integrity": "sha1-LVeNNFX2YNpl7KGO+VtODekSdh4=",
            "license": "MIT",
            "dependencies": {
                "camel-case": "^3.0.0",
                "upper-case-first": "^1.1.0"
            }
        },
        "node_modules/path-case": {
            "version": "2.1.1",
            "resolved": "http://r.npm.sankuai.com/path-case/download/path-case-2.1.1.tgz",
            "integrity": "sha1-lLgDfDctP+KQbkZbtF4l0ibo7qU=",
            "license": "MIT",
            "dependencies": {
                "no-case": "^2.2.0"
            }
        },
        "node_modules/path-key": {
            "version": "3.1.1",
            "resolved": "http://r.npm.sankuai.com/path-key/download/path-key-3.1.1.tgz",
            "integrity": "sha1-WB9q3mWMu6ZaDTOA3ndTKVBU83U=",
            "license": "MIT",
            "engines": {
                "node": ">=8"
            }
        },
        "node_modules/sentence-case": {
            "version": "2.1.1",
            "resolved": "http://r.npm.sankuai.com/sentence-case/download/sentence-case-2.1.1.tgz",
            "integrity": "sha1-H24t2jnBaL+S0T+G1KkYkz9mftQ=",
            "license": "MIT",
            "dependencies": {
                "no-case": "^2.2.0",
                "upper-case-first": "^1.1.2"
            }
        },
        "node_modules/shebang-command": {
            "version": "2.0.0",
            "resolved": "http://r.npm.sankuai.com/shebang-command/download/shebang-command-2.0.0.tgz",
            "integrity": "sha1-zNCvT4g1+9wmW4JGGq8MNmY/NOo=",
            "license": "MIT",
            "dependencies": {
                "shebang-regex": "^3.0.0"
            },
            "engines": {
                "node": ">=8"
            }
        },
        "node_modules/shebang-regex": {
            "version": "3.0.0",
            "resolved": "http://r.npm.sankuai.com/shebang-regex/download/shebang-regex-3.0.0.tgz",
            "integrity": "sha1-rhbxZE2HPsrYQ7AwexQzYtTEIXI=",
            "license": "MIT",
            "engines": {
                "node": ">=8"
            }
        },
        "node_modules/signal-exit": {
            "version": "3.0.7",
            "resolved": "http://r.npm.sankuai.com/signal-exit/download/signal-exit-3.0.7.tgz",
            "integrity": "sha1-qaF2f4r4QVURTqq9c/mSc8j1mtk=",
            "license": "ISC"
        },
        "node_modules/snake-case": {
            "version": "2.1.0",
            "resolved": "http://r.npm.sankuai.com/snake-case/download/snake-case-2.1.0.tgz",
            "integrity": "sha1-Qb2xtz8w7GagTU4srRt2OH1NbZ8=",
            "license": "MIT",
            "dependencies": {
                "no-case": "^2.2.0"
            }
        },
        "node_modules/sprintf-js": {
            "version": "1.0.3",
            "resolved": "http://r.npm.sankuai.com/sprintf-js/download/sprintf-js-1.0.3.tgz",
            "integrity": "sha1-BOaSb2YolTVPPdAVIDYzuFcpfiw=",
            "license": "BSD-3-Clause"
        },
        "node_modules/strip-ansi": {
            "version": "6.0.1",
            "resolved": "http://r.npm.sankuai.com/strip-ansi/download/strip-ansi-6.0.1.tgz",
            "integrity": "sha1-nibGPTD1NEPpSJSVshBdN7Z6hdk=",
            "license": "MIT",
            "dependencies": {
                "ansi-regex": "^5.0.1"
            },
            "engines": {
                "node": ">=8"
            }
        },
        "node_modules/strip-final-newline": {
            "version": "2.0.0",
            "resolved": "http://r.npm.sankuai.com/strip-final-newline/download/strip-final-newline-2.0.0.tgz",
            "integrity": "sha1-ibhS+y/L6Tb29LMYevsKEsGrWK0=",
            "license": "MIT",
            "engines": {
                "node": ">=6"
            }
        },
        "node_modules/supports-color": {
            "version": "7.2.0",
            "resolved": "http://r.npm.sankuai.com/supports-color/download/supports-color-7.2.0.tgz",
            "integrity": "sha1-G33NyzK4E4gBs+R4umpRyqiWSNo=",
            "license": "MIT",
            "dependencies": {
                "has-flag": "^4.0.0"
            },
            "engines": {
                "node": ">=8"
            }
        },
        "node_modules/swap-case": {
            "version": "1.1.2",
            "resolved": "http://r.npm.sankuai.com/swap-case/download/swap-case-1.1.2.tgz",
            "integrity": "sha1-w5IDpFhzhfrTyFCgvRvK+ggZdOM=",
            "license": "MIT",
            "dependencies": {
                "lower-case": "^1.1.1",
                "upper-case": "^1.1.1"
            }
        },
        "node_modules/title-case": {
            "version": "2.1.1",
            "resolved": "http://r.npm.sankuai.com/title-case/download/title-case-2.1.1.tgz",
            "integrity": "sha1-PhJyFtpY0rxb7PE3q5Ha46fNj6o=",
            "license": "MIT",
            "dependencies": {
                "no-case": "^2.2.0",
                "upper-case": "^1.0.3"
            }
        },
        "node_modules/universalify": {
            "version": "2.0.1",
            "resolved": "http://r.npm.sankuai.com/universalify/download/universalify-2.0.1.tgz",
            "integrity": "sha1-Fo78IYCWTmOG0GHglN9hr+I5sY0=",
            "license": "MIT",
            "engines": {
                "node": ">= 10.0.0"
            }
        },
        "node_modules/upper-case": {
            "version": "1.1.3",
            "resolved": "http://r.npm.sankuai.com/upper-case/download/upper-case-1.1.3.tgz",
            "integrity": "sha1-9rRQHC7EzdJrp4vnIilh3ndiFZg=",
            "license": "MIT"
        },
        "node_modules/upper-case-first": {
            "version": "1.1.2",
            "resolved": "http://r.npm.sankuai.com/upper-case-first/download/upper-case-first-1.1.2.tgz",
            "integrity": "sha1-XXm+3P8UQZUY/S7bCgUHybaFkRU=",
            "license": "MIT",
            "dependencies": {
                "upper-case": "^1.1.1"
            }
        },
        "node_modules/which": {
            "version": "2.0.2",
            "resolved": "http://r.npm.sankuai.com/which/download/which-2.0.2.tgz",
            "integrity": "sha1-fGqN0KY2oDJ+ELWckobu6T8/UbE=",
            "license": "ISC",
            "dependencies": {
                "isexe": "^2.0.0"
            },
            "bin": {
                "node-which": "bin/node-which"
            },
            "engines": {
                "node": ">= 8"
            }
        },
        "node_modules/yargs-parser": {
            "version": "20.2.9",
            "resolved": "http://r.npm.sankuai.com/yargs-parser/download/yargs-parser-20.2.9.tgz",
            "integrity": "sha1-LrfcOwKJcY/ClfNidThFxBoMlO4=",
            "license": "ISC",
            "engines": {
                "node": ">=10"
            }
        }
    }
}
